
Microsoft Visual Studio Solution File, Format Version 12.00
# Visual Studio Version 17
VisualStudioVersion = 17.5.33103.201
MinimumVisualStudioVersion = 10.0.40219.1
Project("{FAE04EC0-301F-11D3-BF4B-00C04F79EFBC}") = "ConsoleApp3", "ConsoleApp3\ConsoleApp3.csproj", "{8751B1C0-EA6D-4530-A76B-A45ED30E0DC9}"
EndProject
Global
	GlobalSection(SolutionConfigurationPlatforms) = preSolution
		Debug|Any CPU = Debug|Any CPU
		Release|Any CPU = Release|Any CPU
	EndGlobalSection
	GlobalSection(ProjectConfigurationPlatforms) = postSolution
		{8751B1C0-EA6D-4530-A76B-A45ED30E0DC9}.Debug|Any CPU.ActiveCfg = Debug|Any CPU
		{8751B1C0-EA6D-4530-A76B-A45ED30E0DC9}.Debug|Any CPU.Build.0 = Debug|Any CPU
		{8751B1C0-EA6D-4530-A76B-A45ED30E0DC9}.Release|Any CPU.ActiveCfg = Release|Any CPU
		{8751B1C0-EA6D-4530-A76B-A45ED30E0DC9}.Release|Any CPU.Build.0 = Release|Any CPU
	EndGlobalSection
	GlobalSection(SolutionProperties) = preSolution
		HideSolutionNode = FALSE
	EndGlobalSection
	GlobalSection(ExtensibilityGlobals) = postSolution
		SolutionGuid = {FB744419-1518-40E2-B5EF-29B41FAC665F}
	EndGlobalSection
EndGlobal
